// !$*UTF8*$!
{
	archiveVersion = 1;
	classes = {
	};
	objectVersion = 46;
	objects = {

/* Begin PBXBuildFile section */
		0059CBA51C420AFC00CA2047 /* SocketAckEmitter.swift in Sources */ = {isa = PBXBuildFile; fileRef = 0059CB911C420AFC00CA2047 /* SocketAckEmitter.swift */; };
		0059CBA61C420AFC00CA2047 /* SocketAckManager.swift in Sources */ = {isa = PBXBuildFile; fileRef = 0059CB921C420AFC00CA2047 /* SocketAckManager.swift */; };
		0059CBA71C420AFC00CA2047 /* SocketAnyEvent.swift in Sources */ = {isa = PBXBuildFile; fileRef = 0059CB931C420AFC00CA2047 /* SocketAnyEvent.swift */; };
		0059CBA81C420AFC00CA2047 /* SocketClientSpec.swift in Sources */ = {isa = PBXBuildFile; fileRef = 0059CB941C420AFC00CA2047 /* SocketClientSpec.swift */; };
		0059CBA91C420AFC00CA2047 /* SocketEngine.swift in Sources */ = {isa = PBXBuildFile; fileRef = 0059CB951C420AFC00CA2047 /* SocketEngine.swift */; };
		0059CBAA1C420AFC00CA2047 /* SocketEngineClient.swift in Sources */ = {isa = PBXBuildFile; fileRef = 0059CB961C420AFC00CA2047 /* SocketEngineClient.swift */; };
		0059CBAB1C420AFC00CA2047 /* SocketEnginePacketType.swift in Sources */ = {isa = PBXBuildFile; fileRef = 0059CB971C420AFC00CA2047 /* SocketEnginePacketType.swift */; };
		0059CBAC1C420AFC00CA2047 /* SocketEngineSpec.swift in Sources */ = {isa = PBXBuildFile; fileRef = 0059CB981C420AFC00CA2047 /* SocketEngineSpec.swift */; };
		0059CBAD1C420AFC00CA2047 /* SocketEventHandler.swift in Sources */ = {isa = PBXBuildFile; fileRef = 0059CB991C420AFC00CA2047 /* SocketEventHandler.swift */; };
		0059CBAE1C420AFC00CA2047 /* SocketFixUTF8.swift in Sources */ = {isa = PBXBuildFile; fileRef = 0059CB9A1C420AFC00CA2047 /* SocketFixUTF8.swift */; };
		0059CBAF1C420AFC00CA2047 /* SocketIOClient.swift in Sources */ = {isa = PBXBuildFile; fileRef = 0059CB9B1C420AFC00CA2047 /* SocketIOClient.swift */; };
		0059CBB01C420AFC00CA2047 /* SocketIOClientOption.swift in Sources */ = {isa = PBXBuildFile; fileRef = 0059CB9C1C420AFC00CA2047 /* SocketIOClientOption.swift */; };
		0059CBB11C420AFC00CA2047 /* SocketIOClientStatus.swift in Sources */ = {isa = PBXBuildFile; fileRef = 0059CB9D1C420AFC00CA2047 /* SocketIOClientStatus.swift */; };
		0059CBB21C420AFC00CA2047 /* SocketLogger.swift in Sources */ = {isa = PBXBuildFile; fileRef = 0059CB9E1C420AFC00CA2047 /* SocketLogger.swift */; };
		0059CBB31C420AFC00CA2047 /* SocketPacket.swift in Sources */ = {isa = PBXBuildFile; fileRef = 0059CB9F1C420AFC00CA2047 /* SocketPacket.swift */; };
		0059CBB41C420AFC00CA2047 /* SocketParsable.swift in Sources */ = {isa = PBXBuildFile; fileRef = 0059CBA01C420AFC00CA2047 /* SocketParsable.swift */; };
		0059CBB51C420AFC00CA2047 /* SocketStringReader.swift in Sources */ = {isa = PBXBuildFile; fileRef = 0059CBA11C420AFC00CA2047 /* SocketStringReader.swift */; };
		0059CBB61C420AFC00CA2047 /* SocketTypes.swift in Sources */ = {isa = PBXBuildFile; fileRef = 0059CBA21C420AFC00CA2047 /* SocketTypes.swift */; };
		0059CBB71C420AFC00CA2047 /* SwiftRegex.swift in Sources */ = {isa = PBXBuildFile; fileRef = 0059CBA31C420AFC00CA2047 /* SwiftRegex.swift */; };
		0059CBB81C420AFC00CA2047 /* WebSocket.swift in Sources */ = {isa = PBXBuildFile; fileRef = 0059CBA41C420AFC00CA2047 /* WebSocket.swift */; };
		0059CBBA1C420C2A00CA2047 /* settingsController.swift in Sources */ = {isa = PBXBuildFile; fileRef = 0059CBB91C420C2A00CA2047 /* settingsController.swift */; };
		00A376D01C4175A00050FEDA /* myBeaconController.swift in Sources */ = {isa = PBXBuildFile; fileRef = 00A376CF1C4175A00050FEDA /* myBeaconController.swift */; };
		00A376D31C417EF80050FEDA /* beaconCourseSelectionController.swift in Sources */ = {isa = PBXBuildFile; fileRef = 00A376D11C417EF80050FEDA /* beaconCourseSelectionController.swift */; };
		00EFE0B41C3235DF00DDAD80 /* AppDelegate.swift in Sources */ = {isa = PBXBuildFile; fileRef = 00EFE0B31C3235DF00DDAD80 /* AppDelegate.swift */; };
		00EFE0B61C3235DF00DDAD80 /* loginController.swift in Sources */ = {isa = PBXBuildFile; fileRef = 00EFE0B51C3235DF00DDAD80 /* loginController.swift */; };
		00EFE0B91C3235DF00DDAD80 /* Main.storyboard in Resources */ = {isa = PBXBuildFile; fileRef = 00EFE0B71C3235DF00DDAD80 /* Main.storyboard */; };
		00EFE0BB1C3235DF00DDAD80 /* Assets.xcassets in Resources */ = {isa = PBXBuildFile; fileRef = 00EFE0BA1C3235DF00DDAD80 /* Assets.xcassets */; };
		00EFE0BE1C3235DF00DDAD80 /* LaunchScreen.storyboard in Resources */ = {isa = PBXBuildFile; fileRef = 00EFE0BC1C3235DF00DDAD80 /* LaunchScreen.storyboard */; };
		00EFE0C91C3235DF00DDAD80 /* BeaconTests.swift in Sources */ = {isa = PBXBuildFile; fileRef = 00EFE0C81C3235DF00DDAD80 /* BeaconTests.swift */; };
		00EFE0D41C3237AA00DDAD80 /* chooseUniversityController.swift in Sources */ = {isa = PBXBuildFile; fileRef = 00EFE0D31C3237AA00DDAD80 /* chooseUniversityController.swift */; };
		00EFE0D61C3246B100DDAD80 /* mainController.swift in Sources */ = {isa = PBXBuildFile; fileRef = 00EFE0D51C3246B100DDAD80 /* mainController.swift */; };
		00EFE0D81C333FF700DDAD80 /* yourCoursesController.swift in Sources */ = {isa = PBXBuildFile; fileRef = 00EFE0D71C333FF700DDAD80 /* yourCoursesController.swift */; };
		00EFE0DA1C33482800DDAD80 /* addCourseController.swift in Sources */ = {isa = PBXBuildFile; fileRef = 00EFE0D91C33482800DDAD80 /* addCourseController.swift */; };
		00EFE0E51C33548900DDAD80 /* FBSDKCoreKit.framework in Frameworks */ = {isa = PBXBuildFile; fileRef = 00EFE0E41C33548900DDAD80 /* FBSDKCoreKit.framework */; };
		00EFE0E71C3358BB00DDAD80 /* FBSDKLoginKit.framework in Frameworks */ = {isa = PBXBuildFile; fileRef = 00EFE0E61C3358BB00DDAD80 /* FBSDKLoginKit.framework */; };
/* End PBXBuildFile section */

/* Begin PBXContainerItemProxy section */
		00EFE0C51C3235DF00DDAD80 /* PBXContainerItemProxy */ = {
			isa = PBXContainerItemProxy;
			containerPortal = 00EFE0A81C3235DF00DDAD80 /* Project object */;
			proxyType = 1;
			remoteGlobalIDString = 00EFE0AF1C3235DF00DDAD80;
			remoteInfo = Beacon;
		};
/* End PBXContainerItemProxy section */

/* Begin PBXFileReference section */
		0059CB911C420AFC00CA2047 /* SocketAckEmitter.swift */ = {isa = PBXFileReference; fileEncoding = 4; lastKnownFileType = sourcecode.swift; path = SocketAckEmitter.swift; sourceTree = "<group>"; };
		0059CB921C420AFC00CA2047 /* SocketAckManager.swift */ = {isa = PBXFileReference; fileEncoding = 4; lastKnownFileType = sourcecode.swift; path = SocketAckManager.swift; sourceTree = "<group>"; };
		0059CB931C420AFC00CA2047 /* SocketAnyEvent.swift */ = {isa = PBXFileReference; fileEncoding = 4; lastKnownFileType = sourcecode.swift; path = SocketAnyEvent.swift; sourceTree = "<group>"; };
		0059CB941C420AFC00CA2047 /* SocketClientSpec.swift */ = {isa = PBXFileReference; fileEncoding = 4; lastKnownFileType = sourcecode.swift; path = SocketClientSpec.swift; sourceTree = "<group>"; };
		0059CB951C420AFC00CA2047 /* SocketEngine.swift */ = {isa = PBXFileReference; fileEncoding = 4; lastKnownFileType = sourcecode.swift; path = SocketEngine.swift; sourceTree = "<group>"; };
		0059CB961C420AFC00CA2047 /* SocketEngineClient.swift */ = {isa = PBXFileReference; fileEncoding = 4; lastKnownFileType = sourcecode.swift; path = SocketEngineClient.swift; sourceTree = "<group>"; };
		0059CB971C420AFC00CA2047 /* SocketEnginePacketType.swift */ = {isa = PBXFileReference; fileEncoding = 4; lastKnownFileType = sourcecode.swift; path = SocketEnginePacketType.swift; sourceTree = "<group>"; };
		0059CB981C420AFC00CA2047 /* SocketEngineSpec.swift */ = {isa = PBXFileReference; fileEncoding = 4; lastKnownFileType = sourcecode.swift; path = SocketEngineSpec.swift; sourceTree = "<group>"; };
		0059CB991C420AFC00CA2047 /* SocketEventHandler.swift */ = {isa = PBXFileReference; fileEncoding = 4; lastKnownFileType = sourcecode.swift; path = SocketEventHandler.swift; sourceTree = "<group>"; };
		0059CB9A1C420AFC00CA2047 /* SocketFixUTF8.swift */ = {isa = PBXFileReference; fileEncoding = 4; lastKnownFileType = sourcecode.swift; path = SocketFixUTF8.swift; sourceTree = "<group>"; };
		0059CB9B1C420AFC00CA2047 /* SocketIOClient.swift */ = {isa = PBXFileReference; fileEncoding = 4; lastKnownFileType = sourcecode.swift; path = SocketIOClient.swift; sourceTree = "<group>"; };
		0059CB9C1C420AFC00CA2047 /* SocketIOClientOption.swift */ = {isa = PBXFileReference; fileEncoding = 4; lastKnownFileType = sourcecode.swift; path = SocketIOClientOption.swift; sourceTree = "<group>"; };
		0059CB9D1C420AFC00CA2047 /* SocketIOClientStatus.swift */ = {isa = PBXFileReference; fileEncoding = 4; lastKnownFileType = sourcecode.swift; path = SocketIOClientStatus.swift; sourceTree = "<group>"; };
		0059CB9E1C420AFC00CA2047 /* SocketLogger.swift */ = {isa = PBXFileReference; fileEncoding = 4; lastKnownFileType = sourcecode.swift; path = SocketLogger.swift; sourceTree = "<group>"; };
		0059CB9F1C420AFC00CA2047 /* SocketPacket.swift */ = {isa = PBXFileReference; fileEncoding = 4; lastKnownFileType = sourcecode.swift; path = SocketPacket.swift; sourceTree = "<group>"; };
		0059CBA01C420AFC00CA2047 /* SocketParsable.swift */ = {isa = PBXFileReference; fileEncoding = 4; lastKnownFileType = sourcecode.swift; path = SocketParsable.swift; sourceTree = "<group>"; };
		0059CBA11C420AFC00CA2047 /* SocketStringReader.swift */ = {isa = PBXFileReference; fileEncoding = 4; lastKnownFileType = sourcecode.swift; path = SocketStringReader.swift; sourceTree = "<group>"; };
		0059CBA21C420AFC00CA2047 /* SocketTypes.swift */ = {isa = PBXFileReference; fileEncoding = 4; lastKnownFileType = sourcecode.swift; path = SocketTypes.swift; sourceTree = "<group>"; };
		0059CBA31C420AFC00CA2047 /* SwiftRegex.swift */ = {isa = PBXFileReference; fileEncoding = 4; lastKnownFileType = sourcecode.swift; path = SwiftRegex.swift; sourceTree = "<group>"; };
		0059CBA41C420AFC00CA2047 /* WebSocket.swift */ = {isa = PBXFileReference; fileEncoding = 4; lastKnownFileType = sourcecode.swift; path = WebSocket.swift; sourceTree = "<group>"; };
		0059CBB91C420C2A00CA2047 /* settingsController.swift */ = {isa = PBXFileReference; fileEncoding = 4; lastKnownFileType = sourcecode.swift; path = settingsController.swift; sourceTree = "<group>"; };
		00A376CF1C4175A00050FEDA /* myBeaconController.swift */ = {isa = PBXFileReference; fileEncoding = 4; lastKnownFileType = sourcecode.swift; path = myBeaconController.swift; sourceTree = "<group>"; };
		00A376D11C417EF80050FEDA /* beaconCourseSelectionController.swift */ = {isa = PBXFileReference; fileEncoding = 4; lastKnownFileType = sourcecode.swift; path = beaconCourseSelectionController.swift; sourceTree = "<group>"; };
		00EFE0B01C3235DF00DDAD80 /* Beacon.app */ = {isa = PBXFileReference; explicitFileType = wrapper.application; includeInIndex = 0; path = Beacon.app; sourceTree = BUILT_PRODUCTS_DIR; };
		00EFE0B31C3235DF00DDAD80 /* AppDelegate.swift */ = {isa = PBXFileReference; lastKnownFileType = sourcecode.swift; path = AppDelegate.swift; sourceTree = "<group>"; };
		00EFE0B51C3235DF00DDAD80 /* loginController.swift */ = {isa = PBXFileReference; lastKnownFileType = sourcecode.swift; path = loginController.swift; sourceTree = "<group>"; };
		00EFE0B81C3235DF00DDAD80 /* Base */ = {isa = PBXFileReference; lastKnownFileType = file.storyboard; name = Base; path = Base.lproj/Main.storyboard; sourceTree = "<group>"; };
		00EFE0BA1C3235DF00DDAD80 /* Assets.xcassets */ = {isa = PBXFileReference; lastKnownFileType = folder.assetcatalog; path = Assets.xcassets; sourceTree = "<group>"; };
		00EFE0BD1C3235DF00DDAD80 /* Base */ = {isa = PBXFileReference; lastKnownFileType = file.storyboard; name = Base; path = Base.lproj/LaunchScreen.storyboard; sourceTree = "<group>"; };
		00EFE0BF1C3235DF00DDAD80 /* Info.plist */ = {isa = PBXFileReference; lastKnownFileType = text.plist.xml; path = Info.plist; sourceTree = "<group>"; };
		00EFE0C41C3235DF00DDAD80 /* BeaconTests.xctest */ = {isa = PBXFileReference; explicitFileType = wrapper.cfbundle; includeInIndex = 0; path = BeaconTests.xctest; sourceTree = BUILT_PRODUCTS_DIR; };
		00EFE0C81C3235DF00DDAD80 /* BeaconTests.swift */ = {isa = PBXFileReference; lastKnownFileType = sourcecode.swift; path = BeaconTests.swift; sourceTree = "<group>"; };
		00EFE0CA1C3235DF00DDAD80 /* Info.plist */ = {isa = PBXFileReference; lastKnownFileType = text.plist.xml; path = Info.plist; sourceTree = "<group>"; };
		00EFE0D31C3237AA00DDAD80 /* chooseUniversityController.swift */ = {isa = PBXFileReference; fileEncoding = 4; lastKnownFileType = sourcecode.swift; path = chooseUniversityController.swift; sourceTree = "<group>"; };
		00EFE0D51C3246B100DDAD80 /* mainController.swift */ = {isa = PBXFileReference; fileEncoding = 4; lastKnownFileType = sourcecode.swift; path = mainController.swift; sourceTree = "<group>"; };
		00EFE0D71C333FF700DDAD80 /* yourCoursesController.swift */ = {isa = PBXFileReference; fileEncoding = 4; lastKnownFileType = sourcecode.swift; path = yourCoursesController.swift; sourceTree = "<group>"; };
		00EFE0D91C33482800DDAD80 /* addCourseController.swift */ = {isa = PBXFileReference; fileEncoding = 4; lastKnownFileType = sourcecode.swift; path = addCourseController.swift; sourceTree = "<group>"; };
		00EFE0E41C33548900DDAD80 /* FBSDKCoreKit.framework */ = {isa = PBXFileReference; lastKnownFileType = wrapper.framework; name = FBSDKCoreKit.framework; path = ../../Documents/FacebookSDK/FBSDKCoreKit.framework; sourceTree = "<group>"; };
		00EFE0E61C3358BB00DDAD80 /* FBSDKLoginKit.framework */ = {isa = PBXFileReference; lastKnownFileType = wrapper.framework; name = FBSDKLoginKit.framework; path = ../../Documents/FacebookSDK/FBSDKLoginKit.framework; sourceTree = "<group>"; };
/* End PBXFileReference section */

/* Begin PBXFrameworksBuildPhase section */
		00EFE0AD1C3235DF00DDAD80 /* Frameworks */ = {
			isa = PBXFrameworksBuildPhase;
			buildActionMask = 2147483647;
			files = (
				00EFE0E71C3358BB00DDAD80 /* FBSDKLoginKit.framework in Frameworks */,
				00EFE0E51C33548900DDAD80 /* FBSDKCoreKit.framework in Frameworks */,
			);
			runOnlyForDeploymentPostprocessing = 0;
		};
		00EFE0C11C3235DF00DDAD80 /* Frameworks */ = {
			isa = PBXFrameworksBuildPhase;
			buildActionMask = 2147483647;
			files = (
			);
			runOnlyForDeploymentPostprocessing = 0;
		};
/* End PBXFrameworksBuildPhase section */

/* Begin PBXGroup section */
		0059CB901C420AFC00CA2047 /* SocketIO */ = {
			isa = PBXGroup;
			children = (
				0059CB911C420AFC00CA2047 /* SocketAckEmitter.swift */,
				0059CB921C420AFC00CA2047 /* SocketAckManager.swift */,
				0059CB931C420AFC00CA2047 /* SocketAnyEvent.swift */,
				0059CB941C420AFC00CA2047 /* SocketClientSpec.swift */,
				0059CB951C420AFC00CA2047 /* SocketEngine.swift */,
				0059CB961C420AFC00CA2047 /* SocketEngineClient.swift */,
				0059CB971C420AFC00CA2047 /* SocketEnginePacketType.swift */,
				0059CB981C420AFC00CA2047 /* SocketEngineSpec.swift */,
				0059CB991C420AFC00CA2047 /* SocketEventHandler.swift */,
				0059CB9A1C420AFC00CA2047 /* SocketFixUTF8.swift */,
				0059CB9B1C420AFC00CA2047 /* SocketIOClient.swift */,
				0059CB9C1C420AFC00CA2047 /* SocketIOClientOption.swift */,
				0059CB9D1C420AFC00CA2047 /* SocketIOClientStatus.swift */,
				0059CB9E1C420AFC00CA2047 /* SocketLogger.swift */,
				0059CB9F1C420AFC00CA2047 /* SocketPacket.swift */,
				0059CBA01C420AFC00CA2047 /* SocketParsable.swift */,
				0059CBA11C420AFC00CA2047 /* SocketStringReader.swift */,
				0059CBA21C420AFC00CA2047 /* SocketTypes.swift */,
				0059CBA31C420AFC00CA2047 /* SwiftRegex.swift */,
				0059CBA41C420AFC00CA2047 /* WebSocket.swift */,
			);
			path = SocketIO;
			sourceTree = "<group>";
		};
		00EFE0A71C3235DF00DDAD80 = {
			isa = PBXGroup;
			children = (
				00EFE0E31C33545100DDAD80 /* Frameworks */,
				00EFE0B21C3235DF00DDAD80 /* Beacon */,
				00EFE0C71C3235DF00DDAD80 /* BeaconTests */,
				00EFE0B11C3235DF00DDAD80 /* Products */,
			);
			sourceTree = "<group>";
		};
		00EFE0B11C3235DF00DDAD80 /* Products */ = {
			isa = PBXGroup;
			children = (
				00EFE0B01C3235DF00DDAD80 /* Beacon.app */,
				00EFE0C41C3235DF00DDAD80 /* BeaconTests.xctest */,
			);
			name = Products;
			sourceTree = "<group>";
		};
		00EFE0B21C3235DF00DDAD80 /* Beacon */ = {
			isa = PBXGroup;
			children = (
				0059CB901C420AFC00CA2047 /* SocketIO */,
				00EFE0B31C3235DF00DDAD80 /* AppDelegate.swift */,
				00A376CF1C4175A00050FEDA /* myBeaconController.swift */,
				00A376D11C417EF80050FEDA /* beaconCourseSelectionController.swift */,
				00EFE0B51C3235DF00DDAD80 /* loginController.swift */,
				00EFE0B71C3235DF00DDAD80 /* Main.storyboard */,
				0059CBB91C420C2A00CA2047 /* settingsController.swift */,
				00EFE0D91C33482800DDAD80 /* addCourseController.swift */,
				00EFE0D51C3246B100DDAD80 /* mainController.swift */,
				00EFE0D71C333FF700DDAD80 /* yourCoursesController.swift */,
				00EFE0D31C3237AA00DDAD80 /* chooseUniversityController.swift */,
				00EFE0BA1C3235DF00DDAD80 /* Assets.xcassets */,
				00EFE0BC1C3235DF00DDAD80 /* LaunchScreen.storyboard */,
				00EFE0BF1C3235DF00DDAD80 /* Info.plist */,
			);
			path = Beacon;
			sourceTree = "<group>";
		};
		00EFE0C71C3235DF00DDAD80 /* BeaconTests */ = {
			isa = PBXGroup;
			children = (
				00EFE0C81C3235DF00DDAD80 /* BeaconTests.swift */,
				00EFE0CA1C3235DF00DDAD80 /* Info.plist */,
			);
			path = BeaconTests;
			sourceTree = "<group>";
		};
		00EFE0E31C33545100DDAD80 /* Frameworks */ = {
			isa = PBXGroup;
			children = (
				00EFE0E61C3358BB00DDAD80 /* FBSDKLoginKit.framework */,
				00EFE0E41C33548900DDAD80 /* FBSDKCoreKit.framework */,
			);
			name = Frameworks;
			sourceTree = "<group>";
		};
/* End PBXGroup section */

/* Begin PBXNativeTarget section */
		00EFE0AF1C3235DF00DDAD80 /* Beacon */ = {
			isa = PBXNativeTarget;
			buildConfigurationList = 00EFE0CD1C3235DF00DDAD80 /* Build configuration list for PBXNativeTarget "Beacon" */;
			buildPhases = (
				00EFE0AC1C3235DF00DDAD80 /* Sources */,
				00EFE0AD1C3235DF00DDAD80 /* Frameworks */,
				00EFE0AE1C3235DF00DDAD80 /* Resources */,
			);
			buildRules = (
			);
			dependencies = (
			);
			name = Beacon;
			productName = Beacon;
			productReference = 00EFE0B01C3235DF00DDAD80 /* Beacon.app */;
			productType = "com.apple.product-type.application";
		};
		00EFE0C31C3235DF00DDAD80 /* BeaconTests */ = {
			isa = PBXNativeTarget;
			buildConfigurationList = 00EFE0D01C3235DF00DDAD80 /* Build configuration list for PBXNativeTarget "BeaconTests" */;
			buildPhases = (
				00EFE0C01C3235DF00DDAD80 /* Sources */,
				00EFE0C11C3235DF00DDAD80 /* Frameworks */,
				00EFE0C21C3235DF00DDAD80 /* Resources */,
			);
			buildRules = (
			);
			dependencies = (
				00EFE0C61C3235DF00DDAD80 /* PBXTargetDependency */,
			);
			name = BeaconTests;
			productName = BeaconTests;
			productReference = 00EFE0C41C3235DF00DDAD80 /* BeaconTests.xctest */;
			productType = "com.apple.product-type.bundle.unit-test";
		};
/* End PBXNativeTarget section */

/* Begin PBXProject section */
		00EFE0A81C3235DF00DDAD80 /* Project object */ = {
			isa = PBXProject;
			attributes = {
				LastSwiftUpdateCheck = 0720;
				LastUpgradeCheck = 0720;
				ORGANIZATIONNAME = "Jeffrey Huang";
				TargetAttributes = {
					00EFE0AF1C3235DF00DDAD80 = {
						CreatedOnToolsVersion = 7.2;
					};
					00EFE0C31C3235DF00DDAD80 = {
						CreatedOnToolsVersion = 7.2;
						TestTargetID = 00EFE0AF1C3235DF00DDAD80;
					};
				};
			};
			buildConfigurationList = 00EFE0AB1C3235DF00DDAD80 /* Build configuration list for PBXProject "Beacon" */;
			compatibilityVersion = "Xcode 3.2";
			developmentRegion = English;
			hasScannedForEncodings = 0;
			knownRegions = (
				en,
				Base,
			);
			mainGroup = 00EFE0A71C3235DF00DDAD80;
			productRefGroup = 00EFE0B11C3235DF00DDAD80 /* Products */;
			projectDirPath = "";
			projectRoot = "";
			targets = (
				00EFE0AF1C3235DF00DDAD80 /* Beacon */,
				00EFE0C31C3235DF00DDAD80 /* BeaconTests */,
			);
		};
/* End PBXProject section */

/* Begin PBXResourcesBuildPhase section */
		00EFE0AE1C3235DF00DDAD80 /* Resources */ = {
			isa = PBXResourcesBuildPhase;
			buildActionMask = 2147483647;
			files = (
				00EFE0BE1C3235DF00DDAD80 /* LaunchScreen.storyboard in Resources */,
				00EFE0BB1C3235DF00DDAD80 /* Assets.xcassets in Resources */,
				00EFE0B91C3235DF00DDAD80 /* Main.storyboard in Resources */,
			);
			runOnlyForDeploymentPostprocessing = 0;
		};
		00EFE0C21C3235DF00DDAD80 /* Resources */ = {
			isa = PBXResourcesBuildPhase;
			buildActionMask = 2147483647;
			files = (
			);
			runOnlyForDeploymentPostprocessing = 0;
		};
/* End PBXResourcesBuildPhase section */

/* Begin PBXSourcesBuildPhase section */
		00EFE0AC1C3235DF00DDAD80 /* Sources */ = {
			isa = PBXSourcesBuildPhase;
			buildActionMask = 2147483647;
			files = (
				0059CBA81C420AFC00CA2047 /* SocketClientSpec.swift in Sources */,
				00EFE0D61C3246B100DDAD80 /* mainController.swift in Sources */,
				0059CBB41C420AFC00CA2047 /* SocketParsable.swift in Sources */,
				00EFE0B61C3235DF00DDAD80 /* loginController.swift in Sources */,
				00A376D31C417EF80050FEDA /* beaconCourseSelectionController.swift in Sources */,
				0059CBBA1C420C2A00CA2047 /* settingsController.swift in Sources */,
				0059CBA51C420AFC00CA2047 /* SocketAckEmitter.swift in Sources */,
				0059CBA71C420AFC00CA2047 /* SocketAnyEvent.swift in Sources */,
				00A376D01C4175A00050FEDA /* myBeaconController.swift in Sources */,
				0059CBAA1C420AFC00CA2047 /* SocketEngineClient.swift in Sources */,
				00EFE0DA1C33482800DDAD80 /* addCourseController.swift in Sources */,
				0059CBAE1C420AFC00CA2047 /* SocketFixUTF8.swift in Sources */,
				0059CBB71C420AFC00CA2047 /* SwiftRegex.swift in Sources */,
				0059CBA61C420AFC00CA2047 /* SocketAckManager.swift in Sources */,
				0059CBB81C420AFC00CA2047 /* WebSocket.swift in Sources */,
				00EFE0D81C333FF700DDAD80 /* yourCoursesController.swift in Sources */,
				0059CBAC1C420AFC00CA2047 /* SocketEngineSpec.swift in Sources */,
				0059CBB31C420AFC00CA2047 /* SocketPacket.swift in Sources */,
				0059CBAD1C420AFC00CA2047 /* SocketEventHandler.swift in Sources */,
				0059CBB01C420AFC00CA2047 /* SocketIOClientOption.swift in Sources */,
				00EFE0D41C3237AA00DDAD80 /* chooseUniversityController.swift in Sources */,
				0059CBB11C420AFC00CA2047 /* SocketIOClientStatus.swift in Sources */,
				00EFE0B41C3235DF00DDAD80 /* AppDelegate.swift in Sources */,
				0059CBAF1C420AFC00CA2047 /* SocketIOClient.swift in Sources */,
				0059CBB51C420AFC00CA2047 /* SocketStringReader.swift in Sources */,
				0059CBB61C420AFC00CA2047 /* SocketTypes.swift in Sources */,
				0059CBAB1C420AFC00CA2047 /* SocketEnginePacketType.swift in Sources */,
				0059CBB21C420AFC00CA2047 /* SocketLogger.swift in Sources */,
				0059CBA91C420AFC00CA2047 /* SocketEngine.swift in Sources */,
			);
			runOnlyForDeploymentPostprocessing = 0;
		};
		00EFE0C01C3235DF00DDAD80 /* Sources */ = {
			isa = PBXSourcesBuildPhase;
			buildActionMask = 2147483647;
			files = (
				00EFE0C91C3235DF00DDAD80 /* BeaconTests.swift in Sources */,
			);
			runOnlyForDeploymentPostprocessing = 0;
		};
/* End PBXSourcesBuildPhase section */

/* Begin PBXTargetDependency section */
		00EFE0C61C3235DF00DDAD80 /* PBXTargetDependency */ = {
			isa = PBXTargetDependency;
			target = 00EFE0AF1C3235DF00DDAD80 /* Beacon */;
			targetProxy = 00EFE0C51C3235DF00DDAD80 /* PBXContainerItemProxy */;
		};
/* End PBXTargetDependency section */

/* Begin PBXVariantGroup section */
		00EFE0B71C3235DF00DDAD80 /* Main.storyboard */ = {
			isa = PBXVariantGroup;
			children = (
				00EFE0B81C3235DF00DDAD80 /* Base */,
			);
			name = Main.storyboard;
			sourceTree = "<group>";
		};
		00EFE0BC1C3235DF00DDAD80 /* LaunchScreen.storyboard */ = {
			isa = PBXVariantGroup;
			children = (
				00EFE0BD1C3235DF00DDAD80 /* Base */,
			);
			name = LaunchScreen.storyboard;
			sourceTree = "<group>";
		};
/* End PBXVariantGroup section */

/* Begin XCBuildConfiguration section */
		00EFE0CB1C3235DF00DDAD80 /* Debug */ = {
			isa = XCBuildConfiguration;
			buildSettings = {
				ALWAYS_SEARCH_USER_PATHS = NO;
				CLANG_CXX_LANGUAGE_STANDARD = "gnu++0x";
				CLANG_CXX_LIBRARY = "libc++";
				CLANG_ENABLE_MODULES = YES;
				CLANG_ENABLE_OBJC_ARC = YES;
				CLANG_WARN_BOOL_CONVERSION = YES;
				CLANG_WARN_CONSTANT_CONVERSION = YES;
				CLANG_WARN_DIRECT_OBJC_ISA_USAGE = YES_ERROR;
				CLANG_WARN_EMPTY_BODY = YES;
				CLANG_WARN_ENUM_CONVERSION = YES;
				CLANG_WARN_INT_CONVERSION = YES;
				CLANG_WARN_OBJC_ROOT_CLASS = YES_ERROR;
				CLANG_WARN_UNREACHABLE_CODE = YES;
				CLANG_WARN__DUPLICATE_METHOD_MATCH = YES;
				"CODE_SIGN_IDENTITY[sdk=iphoneos*]" = "iPhone Developer";
				COPY_PHASE_STRIP = NO;
				DEBUG_INFORMATION_FORMAT = dwarf;
				ENABLE_STRICT_OBJC_MSGSEND = YES;
				ENABLE_TESTABILITY = YES;
				GCC_C_LANGUAGE_STANDARD = gnu99;
				GCC_DYNAMIC_NO_PIC = NO;
				GCC_NO_COMMON_BLOCKS = YES;
				GCC_OPTIMIZATION_LEVEL = 0;
				GCC_PREPROCESSOR_DEFINITIONS = (
					"DEBUG=1",
					"$(inherited)",
				);
				GCC_WARN_64_TO_32_BIT_CONVERSION = YES;
				GCC_WARN_ABOUT_RETURN_TYPE = YES_ERROR;
				GCC_WARN_UNDECLARED_SELECTOR = YES;
				GCC_WARN_UNINITIALIZED_AUTOS = YES_AGGRESSIVE;
				GCC_WARN_UNUSED_FUNCTION = YES;
				GCC_WARN_UNUSED_VARIABLE = YES;
				IPHONEOS_DEPLOYMENT_TARGET = 9.2;
				MTL_ENABLE_DEBUG_INFO = YES;
				ONLY_ACTIVE_ARCH = YES;
				SDKROOT = iphoneos;
				SWIFT_OPTIMIZATION_LEVEL = "-Onone";
				TARGETED_DEVICE_FAMILY = "1,2";
			};
			name = Debug;
		};
		00EFE0CC1C3235DF00DDAD80 /* Release */ = {
			isa = XCBuildConfiguration;
			buildSettings = {
				ALWAYS_SEARCH_USER_PATHS = NO;
				CLANG_CXX_LANGUAGE_STANDARD = "gnu++0x";
				CLANG_CXX_LIBRARY = "libc++";
				CLANG_ENABLE_MODULES = YES;
				CLANG_ENABLE_OBJC_ARC = YES;
				CLANG_WARN_BOOL_CONVERSION = YES;
				CLANG_WARN_CONSTANT_CONVERSION = YES;
				CLANG_WARN_DIRECT_OBJC_ISA_USAGE = YES_ERROR;
				CLANG_WARN_EMPTY_BODY = YES;
				CLANG_WARN_ENUM_CONVERSION = YES;
				CLANG_WARN_INT_CONVERSION = YES;
				CLANG_WARN_OBJC_ROOT_CLASS = YES_ERROR;
				CLANG_WARN_UNREACHABLE_CODE = YES;
				CLANG_WARN__DUPLICATE_METHOD_MATCH = YES;
				"CODE_SIGN_IDENTITY[sdk=iphoneos*]" = "iPhone Developer";
				COPY_PHASE_STRIP = NO;
				DEBUG_INFORMATION_FORMAT = "dwarf-with-dsym";
				ENABLE_NS_ASSERTIONS = NO;
				ENABLE_STRICT_OBJC_MSGSEND = YES;
				GCC_C_LANGUAGE_STANDARD = gnu99;
				GCC_NO_COMMON_BLOCKS = YES;
				GCC_WARN_64_TO_32_BIT_CONVERSION = YES;
				GCC_WARN_ABOUT_RETURN_TYPE = YES_ERROR;
				GCC_WARN_UNDECLARED_SELECTOR = YES;
				GCC_WARN_UNINITIALIZED_AUTOS = YES_AGGRESSIVE;
				GCC_WARN_UNUSED_FUNCTION = YES;
				GCC_WARN_UNUSED_VARIABLE = YES;
				IPHONEOS_DEPLOYMENT_TARGET = 9.2;
				MTL_ENABLE_DEBUG_INFO = NO;
				SDKROOT = iphoneos;
				TARGETED_DEVICE_FAMILY = "1,2";
				VALIDATE_PRODUCT = YES;
			};
			name = Release;
		};
		00EFE0CE1C3235DF00DDAD80 /* Debug */ = {
			isa = XCBuildConfiguration;
			buildSettings = {
				ASSETCATALOG_COMPILER_APPICON_NAME = AppIcon;
				FRAMEWORK_SEARCH_PATHS = (
					"$(inherited)",
					"$(PROJECT_DIR)",
					/Users/Jeffrey/Documents/FacebookSDK,
				);
				INFOPLIST_FILE = Beacon/Info.plist;
				IPHONEOS_DEPLOYMENT_TARGET = 7.0;
				LD_RUNPATH_SEARCH_PATHS = "$(inherited) @executable_path/Frameworks";
				PRODUCT_BUNDLE_IDENTIFIER = ca.jeffrey.Beacon;
				PRODUCT_NAME = "$(TARGET_NAME)";
			};
			name = Debug;
		};
		00EFE0CF1C3235DF00DDAD80 /* Release */ = {
			isa = XCBuildConfiguration;
			buildSettings = {
				ASSETCATALOG_COMPILER_APPICON_NAME = AppIcon;
				FRAMEWORK_SEARCH_PATHS = (
					"$(inherited)",
					"$(PROJECT_DIR)",
					/Users/Jeffrey/Documents/FacebookSDK,
				);
				INFOPLIST_FILE = Beacon/Info.plist;
				IPHONEOS_DEPLOYMENT_TARGET = 7.0;
				LD_RUNPATH_SEARCH_PATHS = "$(inherited) @executable_path/Frameworks";
				PRODUCT_BUNDLE_IDENTIFIER = ca.jeffrey.Beacon;
				PRODUCT_NAME = "$(TARGET_NAME)";
			};
			name = Release;
		};
		00EFE0D11C3235DF00DDAD80 /* Debug */ = {
			isa = XCBuildConfiguration;
			buildSettings = {
				BUNDLE_LOADER = "$(TEST_HOST)";
				INFOPLIST_FILE = BeaconTests/Info.plist;
				LD_RUNPATH_SEARCH_PATHS = "$(inherited) @executable_path/Frameworks @loader_path/Frameworks";
				PRODUCT_BUNDLE_IDENTIFIER = ca.jeffrey.BeaconTests;
				PRODUCT_NAME = "$(TARGET_NAME)";
				TEST_HOST = "$(BUILT_PRODUCTS_DIR)/Beacon.app/Beacon";
			};
			name = Debug;
		};
		00EFE0D21C3235DF00DDAD80 /* Release */ = {
			isa = XCBuildConfiguration;
			buildSettings = {
				BUNDLE_LOADER = "$(TEST_HOST)";
				INFOPLIST_FILE = BeaconTests/Info.plist;
				LD_RUNPATH_SEARCH_PATHS = "$(inherited) @executable_path/Frameworks @loader_path/Frameworks";
				PRODUCT_BUNDLE_IDENTIFIER = ca.jeffrey.BeaconTests;
				PRODUCT_NAME = "$(TARGET_NAME)";
				TEST_HOST = "$(BUILT_PRODUCTS_DIR)/Beacon.app/Beacon";
			};
			name = Release;
		};
/* End XCBuildConfiguration section */

/* Begin XCConfigurationList section */
		00EFE0AB1C3235DF00DDAD80 /* Build configuration list for PBXProject "Beacon" */ = {
			isa = XCConfigurationList;
			buildConfigurations = (
				00EFE0CB1C3235DF00DDAD80 /* Debug */,
				00EFE0CC1C3235DF00DDAD80 /* Release */,
			);
			defaultConfigurationIsVisible = 0;
			defaultConfigurationName = Release;
		};
		00EFE0CD1C3235DF00DDAD80 /* Build configuration list for PBXNativeTarget "Beacon" */ = {
			isa = XCConfigurationList;
			buildConfigurations = (
				00EFE0CE1C3235DF00DDAD80 /* Debug */,
				00EFE0CF1C3235DF00DDAD80 /* Release */,
			);
			defaultConfigurationIsVisible = 0;
			defaultConfigurationName = Release;
		};
		00EFE0D01C3235DF00DDAD80 /* Build configuration list for PBXNativeTarget "BeaconTests" */ = {
			isa = XCConfigurationList;
			buildConfigurations = (
				00EFE0D11C3235DF00DDAD80 /* Debug */,
				00EFE0D21C3235DF00DDAD80 /* Release */,
			);
			defaultConfigurationIsVisible = 0;
			defaultConfigurationName = Release;
		};
/* End XCConfigurationList section */
	};
	rootObject = 00EFE0A81C3235DF00DDAD80 /* Project object */;
}
